
Microsoft Visual Studio Solution File, Format Version 12.00
# Visual Studio Version 16
VisualStudioVersion = 16.0.30128.74
MinimumVisualStudioVersion = 10.0.40219.1
Project("{9A19103F-16F7-4668-BE54-9A1E7A4F7556}") = "Questao1", "Questao1.csproj", "{3D21A87C-72B5-467A-9B6F-8577285049D1}"
EndProject
Global
	GlobalSection(SolutionConfigurationPlatforms) = preSolution
		Debug|Any CPU = Debug|Any CPU
		Release|Any CPU = Release|Any CPU
	EndGlobalSection
	GlobalSection(ProjectConfigurationPlatforms) = postSolution
		{3D21A87C-72B5-467A-9B6F-8577285049D1}.Debug|Any CPU.ActiveCfg = Debug|Any CPU
		{3D21A87C-72B5-467A-9B6F-8577285049D1}.Debug|Any CPU.Build.0 = Debug|Any CPU
		{3D21A87C-72B5-467A-9B6F-8577285049D1}.Release|Any CPU.ActiveCfg = Release|Any CPU
		{3D21A87C-72B5-467A-9B6F-8577285049D1}.Release|Any CPU.Build.0 = Release|Any CPU
	EndGlobalSection
	GlobalSection(SolutionProperties) = preSolution
		HideSolutionNode = FALSE
	EndGlobalSection
	GlobalSection(ExtensibilityGlobals) = postSolution
		SolutionGuid = {11C54625-77A6-440C-A70A-AC3645F19365}
	EndGlobalSection
EndGlobal
